// !$*UTF8*$!
{
	archiveVersion = 1;
	classes = {
	};
	objectVersion = 55;
	objects = {

/* Begin PBXBuildFile section */
		3B0C87D827EBE9D1005E7537 /* RecordSampleApp.swift in Sources */ = {isa = PBXBuildFile; fileRef = 3B0C87D727EBE9D1005E7537 /* RecordSampleApp.swift */; };
		3B0C87DA27EBE9D1005E7537 /* ContentView.swift in Sources */ = {isa = PBXBuildFile; fileRef = 3B0C87D927EBE9D1005E7537 /* ContentView.swift */; };
		3B0C87DC27EBE9D3005E7537 /* Assets.xcassets in Resources */ = {isa = PBXBuildFile; fileRef = 3B0C87DB27EBE9D3005E7537 /* Assets.xcassets */; };
		3B0C87DF27EBE9D3005E7537 /* Preview Assets.xcassets in Resources */ = {isa = PBXBuildFile; fileRef = 3B0C87DE27EBE9D3005E7537 /* Preview Assets.xcassets */; };
		3B0C87E627EBEC1C005E7537 /* RecordView.swift in Sources */ = {isa = PBXBuildFile; fileRef = 3B0C87E527EBEC1C005E7537 /* RecordView.swift */; };
		3B0C87E827EBEC3C005E7537 /* ListView.swift in Sources */ = {isa = PBXBuildFile; fileRef = 3B0C87E727EBEC3C005E7537 /* ListView.swift */; };
		3B0C87EC27EBEE50005E7537 /* AudioRecorder.swift in Sources */ = {isa = PBXBuildFile; fileRef = 3B0C87EB27EBEE50005E7537 /* AudioRecorder.swift */; };
		3B0C87EF27EBF4E4005E7537 /* RecordModel.swift in Sources */ = {isa = PBXBuildFile; fileRef = 3B0C87EE27EBF4E4005E7537 /* RecordModel.swift */; };
		3B39EF2827EC34900084FAAC /* RecordViewModel.swift in Sources */ = {isa = PBXBuildFile; fileRef = 3B39EF2727EC34900084FAAC /* RecordViewModel.swift */; };
		3B6CD6BD2820003A00EE8202 /* AudioKit in Frameworks */ = {isa = PBXBuildFile; productRef = 3B6CD6BC2820003A00EE8202 /* AudioKit */; };
		3BBB641927F3F5C8006B5969 /* ListViewModel.swift in Sources */ = {isa = PBXBuildFile; fileRef = 3BBB641827F3F5C8006B5969 /* ListViewModel.swift */; };
		3BBB641B27F400C9006B5969 /* ListModel.swift in Sources */ = {isa = PBXBuildFile; fileRef = 3BBB641A27F400C9006B5969 /* ListModel.swift */; };
		3BBB641D27F54A55006B5969 /* ListRowView.swift in Sources */ = {isa = PBXBuildFile; fileRef = 3BBB641C27F54A55006B5969 /* ListRowView.swift */; };
		3BBB641F27F55410006B5969 /* PlayView.swift in Sources */ = {isa = PBXBuildFile; fileRef = 3BBB641E27F55410006B5969 /* PlayView.swift */; };
		3BCE2F3927F2D9E700788007 /* RecordModel.xcdatamodeld in Sources */ = {isa = PBXBuildFile; fileRef = 3BCE2F3727F2D9E700788007 /* RecordModel.xcdatamodeld */; };
		3BCE2F3C27F2DA1D00788007 /* Record+CoreDataClass.swift in Sources */ = {isa = PBXBuildFile; fileRef = 3BCE2F3A27F2DA1D00788007 /* Record+CoreDataClass.swift */; };
		3BCE2F3D27F2DA1D00788007 /* Record+CoreDataProperties.swift in Sources */ = {isa = PBXBuildFile; fileRef = 3BCE2F3B27F2DA1D00788007 /* Record+CoreDataProperties.swift */; };
		3BCE2F4227F2DAC100788007 /* DataManager.swift in Sources */ = {isa = PBXBuildFile; fileRef = 3BCE2F4127F2DAC100788007 /* DataManager.swift */; };
		C4759792698CBE6A17D97A85 /* Pods_RecordSample.framework in Frameworks */ = {isa = PBXBuildFile; fileRef = 081BF4161AAE5A918527001E /* Pods_RecordSample.framework */; };
		D60A3704281A697F00544215 /* libz.tbd in Frameworks */ = {isa = PBXBuildFile; fileRef = D60A3703281A697F00544215 /* libz.tbd */; };
		D60A3706281A698700544215 /* libbz2.tbd in Frameworks */ = {isa = PBXBuildFile; fileRef = D60A3705281A698700544215 /* libbz2.tbd */; };
		D60A3708281A699000544215 /* libiconv.tbd in Frameworks */ = {isa = PBXBuildFile; fileRef = D60A3707281A699000544215 /* libiconv.tbd */; };
		D65BD4B128053CDE00501B8E /* music.mp3 in Resources */ = {isa = PBXBuildFile; fileRef = D65BD4B028053CDE00501B8E /* music.mp3 */; };
		D691622D27FBD25C00B2F88E /* PlayViewModel.swift in Sources */ = {isa = PBXBuildFile; fileRef = D691622C27FBD25C00B2F88E /* PlayViewModel.swift */; };
		D691622F27FBDFA000B2F88E /* AudioPlayer.swift in Sources */ = {isa = PBXBuildFile; fileRef = D691622E27FBDFA000B2F88E /* AudioPlayer.swift */; };
		D6CB38DA2812721D0022D025 /* UIApplication+Extension.swift in Sources */ = {isa = PBXBuildFile; fileRef = D6CB38D92812721D0022D025 /* UIApplication+Extension.swift */; };
/* End PBXBuildFile section */

/* Begin PBXFileReference section */
		081BF4161AAE5A918527001E /* Pods_RecordSample.framework */ = {isa = PBXFileReference; explicitFileType = wrapper.framework; includeInIndex = 0; path = Pods_RecordSample.framework; sourceTree = BUILT_PRODUCTS_DIR; };
		3B0C87D427EBE9D1005E7537 /* RecordSample.app */ = {isa = PBXFileReference; explicitFileType = wrapper.application; includeInIndex = 0; path = RecordSample.app; sourceTree = BUILT_PRODUCTS_DIR; };
		3B0C87D727EBE9D1005E7537 /* RecordSampleApp.swift */ = {isa = PBXFileReference; lastKnownFileType = sourcecode.swift; path = RecordSampleApp.swift; sourceTree = "<group>"; };
		3B0C87D927EBE9D1005E7537 /* ContentView.swift */ = {isa = PBXFileReference; lastKnownFileType = sourcecode.swift; path = ContentView.swift; sourceTree = "<group>"; };
		3B0C87DB27EBE9D3005E7537 /* Assets.xcassets */ = {isa = PBXFileReference; lastKnownFileType = folder.assetcatalog; path = Assets.xcassets; sourceTree = "<group>"; };
		3B0C87DE27EBE9D3005E7537 /* Preview Assets.xcassets */ = {isa = PBXFileReference; lastKnownFileType = folder.assetcatalog; path = "Preview Assets.xcassets"; sourceTree = "<group>"; };
		3B0C87E527EBEC1C005E7537 /* RecordView.swift */ = {isa = PBXFileReference; lastKnownFileType = sourcecode.swift; path = RecordView.swift; sourceTree = "<group>"; };
		3B0C87E727EBEC3C005E7537 /* ListView.swift */ = {isa = PBXFileReference; lastKnownFileType = sourcecode.swift; path = ListView.swift; sourceTree = "<group>"; };
		3B0C87EB27EBEE50005E7537 /* AudioRecorder.swift */ = {isa = PBXFileReference; lastKnownFileType = sourcecode.swift; path = AudioRecorder.swift; sourceTree = "<group>"; };
		3B0C87EE27EBF4E4005E7537 /* RecordModel.swift */ = {isa = PBXFileReference; lastKnownFileType = sourcecode.swift; path = RecordModel.swift; sourceTree = "<group>"; };
		3B39EF2727EC34900084FAAC /* RecordViewModel.swift */ = {isa = PBXFileReference; lastKnownFileType = sourcecode.swift; path = RecordViewModel.swift; sourceTree = "<group>"; };
		3BBB641827F3F5C8006B5969 /* ListViewModel.swift */ = {isa = PBXFileReference; lastKnownFileType = sourcecode.swift; path = ListViewModel.swift; sourceTree = "<group>"; };
		3BBB641A27F400C9006B5969 /* ListModel.swift */ = {isa = PBXFileReference; lastKnownFileType = sourcecode.swift; path = ListModel.swift; sourceTree = "<group>"; };
		3BBB641C27F54A55006B5969 /* ListRowView.swift */ = {isa = PBXFileReference; lastKnownFileType = sourcecode.swift; path = ListRowView.swift; sourceTree = "<group>"; };
		3BBB641E27F55410006B5969 /* PlayView.swift */ = {isa = PBXFileReference; lastKnownFileType = sourcecode.swift; path = PlayView.swift; sourceTree = "<group>"; };
		3BCE2F3827F2D9E700788007 /* RecordModel.xcdatamodel */ = {isa = PBXFileReference; lastKnownFileType = wrapper.xcdatamodel; path = RecordModel.xcdatamodel; sourceTree = "<group>"; };
		3BCE2F3A27F2DA1D00788007 /* Record+CoreDataClass.swift */ = {isa = PBXFileReference; lastKnownFileType = sourcecode.swift; path = "Record+CoreDataClass.swift"; sourceTree = "<group>"; };
		3BCE2F3B27F2DA1D00788007 /* Record+CoreDataProperties.swift */ = {isa = PBXFileReference; lastKnownFileType = sourcecode.swift; path = "Record+CoreDataProperties.swift"; sourceTree = "<group>"; };
		3BCE2F4127F2DAC100788007 /* DataManager.swift */ = {isa = PBXFileReference; lastKnownFileType = sourcecode.swift; path = DataManager.swift; sourceTree = "<group>"; };
		742CDBD90A975576B275C323 /* Pods-RecordSample.debug.xcconfig */ = {isa = PBXFileReference; includeInIndex = 1; lastKnownFileType = text.xcconfig; name = "Pods-RecordSample.debug.xcconfig"; path = "Target Support Files/Pods-RecordSample/Pods-RecordSample.debug.xcconfig"; sourceTree = "<group>"; };
		A19B644076C06AB89501678D /* Pods-RecordSample.release.xcconfig */ = {isa = PBXFileReference; includeInIndex = 1; lastKnownFileType = text.xcconfig; name = "Pods-RecordSample.release.xcconfig"; path = "Target Support Files/Pods-RecordSample/Pods-RecordSample.release.xcconfig"; sourceTree = "<group>"; };
		D60A3703281A697F00544215 /* libz.tbd */ = {isa = PBXFileReference; lastKnownFileType = "sourcecode.text-based-dylib-definition"; name = libz.tbd; path = usr/lib/libz.tbd; sourceTree = SDKROOT; };
		D60A3705281A698700544215 /* libbz2.tbd */ = {isa = PBXFileReference; lastKnownFileType = "sourcecode.text-based-dylib-definition"; name = libbz2.tbd; path = usr/lib/libbz2.tbd; sourceTree = SDKROOT; };
		D60A3707281A699000544215 /* libiconv.tbd */ = {isa = PBXFileReference; lastKnownFileType = "sourcecode.text-based-dylib-definition"; name = libiconv.tbd; path = usr/lib/libiconv.tbd; sourceTree = SDKROOT; };
		D65BD4B028053CDE00501B8E /* music.mp3 */ = {isa = PBXFileReference; lastKnownFileType = audio.mp3; path = music.mp3; sourceTree = "<group>"; };
		D691622C27FBD25C00B2F88E /* PlayViewModel.swift */ = {isa = PBXFileReference; lastKnownFileType = sourcecode.swift; path = PlayViewModel.swift; sourceTree = "<group>"; };
		D691622E27FBDFA000B2F88E /* AudioPlayer.swift */ = {isa = PBXFileReference; lastKnownFileType = sourcecode.swift; path = AudioPlayer.swift; sourceTree = "<group>"; };
		D6CB38D92812721D0022D025 /* UIApplication+Extension.swift */ = {isa = PBXFileReference; lastKnownFileType = sourcecode.swift; path = "UIApplication+Extension.swift"; sourceTree = "<group>"; };
/* End PBXFileReference section */

/* Begin PBXFrameworksBuildPhase section */
		3B0C87D127EBE9D1005E7537 /* Frameworks */ = {
			isa = PBXFrameworksBuildPhase;
			buildActionMask = 2147483647;
			files = (
				D60A3708281A699000544215 /* libiconv.tbd in Frameworks */,
				D60A3706281A698700544215 /* libbz2.tbd in Frameworks */,
				3B6CD6BD2820003A00EE8202 /* AudioKit in Frameworks */,
				D60A3704281A697F00544215 /* libz.tbd in Frameworks */,
				C4759792698CBE6A17D97A85 /* Pods_RecordSample.framework in Frameworks */,
			);
			runOnlyForDeploymentPostprocessing = 0;
		};
/* End PBXFrameworksBuildPhase section */

/* Begin PBXGroup section */
		3B0C87CB27EBE9D1005E7537 = {
			isa = PBXGroup;
			children = (
				3B0C87D627EBE9D1005E7537 /* RecordSample */,
				3B0C87D527EBE9D1005E7537 /* Products */,
				D60A3702281A697E00544215 /* Frameworks */,
				3B99FF442A984B6D4465979E /* Pods */,
			);
			sourceTree = "<group>";
		};
		3B0C87D527EBE9D1005E7537 /* Products */ = {
			isa = PBXGroup;
			children = (
				3B0C87D427EBE9D1005E7537 /* RecordSample.app */,
			);
			name = Products;
			sourceTree = "<group>";
		};
		3B0C87D627EBE9D1005E7537 /* RecordSample */ = {
			isa = PBXGroup;
			children = (
				D6CB38D82812720A0022D025 /* Extensions */,
				3BBB641627F3F5B0006B5969 /* ViewModels */,
				3BCE2F3F27F2DA3100788007 /* CoreData */,
				3B0C87ED27EBF4CC005E7537 /* Models */,
				3B0C87EA27EBEE3E005E7537 /* Audio */,
				3B0C87E927EBEC3F005E7537 /* Views */,
				3B0C87D727EBE9D1005E7537 /* RecordSampleApp.swift */,
				3B0C87DB27EBE9D3005E7537 /* Assets.xcassets */,
				3B0C87DD27EBE9D3005E7537 /* Preview Content */,
			);
			path = RecordSample;
			sourceTree = "<group>";
		};
		3B0C87DD27EBE9D3005E7537 /* Preview Content */ = {
			isa = PBXGroup;
			children = (
				3B0C87DE27EBE9D3005E7537 /* Preview Assets.xcassets */,
			);
			path = "Preview Content";
			sourceTree = "<group>";
		};
		3B0C87E927EBEC3F005E7537 /* Views */ = {
			isa = PBXGroup;
			children = (
				3B0C87D927EBE9D1005E7537 /* ContentView.swift */,
				3B0C87E727EBEC3C005E7537 /* ListView.swift */,
				3B0C87E527EBEC1C005E7537 /* RecordView.swift */,
				3BBB641C27F54A55006B5969 /* ListRowView.swift */,
				3BBB641E27F55410006B5969 /* PlayView.swift */,
			);
			path = Views;
			sourceTree = "<group>";
		};
		3B0C87EA27EBEE3E005E7537 /* Audio */ = {
			isa = PBXGroup;
			children = (
				D65BD4B028053CDE00501B8E /* music.mp3 */,
				3B0C87EB27EBEE50005E7537 /* AudioRecorder.swift */,
				D691622E27FBDFA000B2F88E /* AudioPlayer.swift */,
			);
			path = Audio;
			sourceTree = "<group>";
		};
		3B0C87ED27EBF4CC005E7537 /* Models */ = {
			isa = PBXGroup;
			children = (
				3B0C87EE27EBF4E4005E7537 /* RecordModel.swift */,
				3BBB641A27F400C9006B5969 /* ListModel.swift */,
			);
			path = Models;
			sourceTree = "<group>";
		};
		3B99FF442A984B6D4465979E /* Pods */ = {
			isa = PBXGroup;
			children = (
				742CDBD90A975576B275C323 /* Pods-RecordSample.debug.xcconfig */,
				A19B644076C06AB89501678D /* Pods-RecordSample.release.xcconfig */,
			);
			path = Pods;
			sourceTree = "<group>";
		};
		3BBB641627F3F5B0006B5969 /* ViewModels */ = {
			isa = PBXGroup;
			children = (
				3B39EF2727EC34900084FAAC /* RecordViewModel.swift */,
				3BBB641827F3F5C8006B5969 /* ListViewModel.swift */,
				D691622C27FBD25C00B2F88E /* PlayViewModel.swift */,
			);
			path = ViewModels;
			sourceTree = "<group>";
		};
		3BCE2F3F27F2DA3100788007 /* CoreData */ = {
			isa = PBXGroup;
			children = (
				3BCE2F4027F2DAAC00788007 /* Record */,
				3BCE2F4127F2DAC100788007 /* DataManager.swift */,
			);
			path = CoreData;
			sourceTree = "<group>";
		};
		3BCE2F4027F2DAAC00788007 /* Record */ = {
			isa = PBXGroup;
			children = (
				3BCE2F3A27F2DA1D00788007 /* Record+CoreDataClass.swift */,
				3BCE2F3B27F2DA1D00788007 /* Record+CoreDataProperties.swift */,
				3BCE2F3727F2D9E700788007 /* RecordModel.xcdatamodeld */,
			);
			path = Record;
			sourceTree = "<group>";
		};
		D60A3702281A697E00544215 /* Frameworks */ = {
			isa = PBXGroup;
			children = (
				D60A3707281A699000544215 /* libiconv.tbd */,
				D60A3705281A698700544215 /* libbz2.tbd */,
				D60A3703281A697F00544215 /* libz.tbd */,
				081BF4161AAE5A918527001E /* Pods_RecordSample.framework */,
			);
			name = Frameworks;
			sourceTree = "<group>";
		};
		D6CB38D82812720A0022D025 /* Extensions */ = {
			isa = PBXGroup;
			children = (
				D6CB38D92812721D0022D025 /* UIApplication+Extension.swift */,
			);
			path = Extensions;
			sourceTree = "<group>";
		};
/* End PBXGroup section */

/* Begin PBXNativeTarget section */
		3B0C87D327EBE9D1005E7537 /* RecordSample */ = {
			isa = PBXNativeTarget;
			buildConfigurationList = 3B0C87E227EBE9D3005E7537 /* Build configuration list for PBXNativeTarget "RecordSample" */;
			buildPhases = (
				FA93466734F082E0AAA4B4ED /* [CP] Check Pods Manifest.lock */,
				3B0C87D027EBE9D1005E7537 /* Sources */,
				3B0C87D127EBE9D1005E7537 /* Frameworks */,
				3B0C87D227EBE9D1005E7537 /* Resources */,
			);
			buildRules = (
			);
			dependencies = (
			);
			name = RecordSample;
			packageProductDependencies = (
				3B6CD6BC2820003A00EE8202 /* AudioKit */,
			);
			productName = RecordSample;
			productReference = 3B0C87D427EBE9D1005E7537 /* RecordSample.app */;
			productType = "com.apple.product-type.application";
		};
/* End PBXNativeTarget section */

/* Begin PBXProject section */
		3B0C87CC27EBE9D1005E7537 /* Project object */ = {
			isa = PBXProject;
			attributes = {
				BuildIndependentTargetsInParallel = 1;
				LastSwiftUpdateCheck = 1320;
				LastUpgradeCheck = 1320;
				TargetAttributes = {
					3B0C87D327EBE9D1005E7537 = {
						CreatedOnToolsVersion = 13.2.1;
					};
				};
			};
			buildConfigurationList = 3B0C87CF27EBE9D1005E7537 /* Build configuration list for PBXProject "RecordSample" */;
			compatibilityVersion = "Xcode 13.0";
			developmentRegion = en;
			hasScannedForEncodings = 0;
			knownRegions = (
				en,
				Base,
			);
			mainGroup = 3B0C87CB27EBE9D1005E7537;
			packageReferences = (
				3B6CD6BB2820003A00EE8202 /* XCRemoteSwiftPackageReference "AudioKit" */,
			);
			productRefGroup = 3B0C87D527EBE9D1005E7537 /* Products */;
			projectDirPath = "";
			projectRoot = "";
			targets = (
				3B0C87D327EBE9D1005E7537 /* RecordSample */,
			);
		};
/* End PBXProject section */

/* Begin PBXResourcesBuildPhase section */
		3B0C87D227EBE9D1005E7537 /* Resources */ = {
			isa = PBXResourcesBuildPhase;
			buildActionMask = 2147483647;
			files = (
				D65BD4B128053CDE00501B8E /* music.mp3 in Resources */,
				3B0C87DF27EBE9D3005E7537 /* Preview Assets.xcassets in Resources */,
				3B0C87DC27EBE9D3005E7537 /* Assets.xcassets in Resources */,
			);
			runOnlyForDeploymentPostprocessing = 0;
		};
/* End PBXResourcesBuildPhase section */

/* Begin PBXShellScriptBuildPhase section */
		FA93466734F082E0AAA4B4ED /* [CP] Check Pods Manifest.lock */ = {
			isa = PBXShellScriptBuildPhase;
			buildActionMask = 2147483647;
			files = (
			);
			inputFileListPaths = (
			);
			inputPaths = (
				"${PODS_PODFILE_DIR_PATH}/Podfile.lock",
				"${PODS_ROOT}/Manifest.lock",
			);
			name = "[CP] Check Pods Manifest.lock";
			outputFileListPaths = (
			);
			outputPaths = (
				"$(DERIVED_FILE_DIR)/Pods-RecordSample-checkManifestLockResult.txt",
			);
			runOnlyForDeploymentPostprocessing = 0;
			shellPath = /bin/sh;
			shellScript = "diff \"${PODS_PODFILE_DIR_PATH}/Podfile.lock\" \"${PODS_ROOT}/Manifest.lock\" > /dev/null\nif [ $? != 0 ] ; then\n    # print error to STDERR\n    echo \"error: The sandbox is not in sync with the Podfile.lock. Run 'pod install' or update your CocoaPods installation.\" >&2\n    exit 1\nfi\n# This output is used by Xcode 'outputs' to avoid re-running this script phase.\necho \"SUCCESS\" > \"${SCRIPT_OUTPUT_FILE_0}\"\n";
			showEnvVarsInLog = 0;
		};
/* End PBXShellScriptBuildPhase section */

/* Begin PBXSourcesBuildPhase section */
		3B0C87D027EBE9D1005E7537 /* Sources */ = {
			isa = PBXSourcesBuildPhase;
			buildActionMask = 2147483647;
			files = (
				D691622D27FBD25C00B2F88E /* PlayViewModel.swift in Sources */,
				3BCE2F3D27F2DA1D00788007 /* Record+CoreDataProperties.swift in Sources */,
				3BBB641D27F54A55006B5969 /* ListRowView.swift in Sources */,
				3BCE2F3927F2D9E700788007 /* RecordModel.xcdatamodeld in Sources */,
				D6CB38DA2812721D0022D025 /* UIApplication+Extension.swift in Sources */,
				3BBB641F27F55410006B5969 /* PlayView.swift in Sources */,
				3BBB641927F3F5C8006B5969 /* ListViewModel.swift in Sources */,
				3B0C87E827EBEC3C005E7537 /* ListView.swift in Sources */,
				3B39EF2827EC34900084FAAC /* RecordViewModel.swift in Sources */,
				3BCE2F3C27F2DA1D00788007 /* Record+CoreDataClass.swift in Sources */,
				3B0C87DA27EBE9D1005E7537 /* ContentView.swift in Sources */,
				D691622F27FBDFA000B2F88E /* AudioPlayer.swift in Sources */,
				3B0C87EF27EBF4E4005E7537 /* RecordModel.swift in Sources */,
				3B0C87E627EBEC1C005E7537 /* RecordView.swift in Sources */,
				3BCE2F4227F2DAC100788007 /* DataManager.swift in Sources */,
				3BBB641B27F400C9006B5969 /* ListModel.swift in Sources */,
				3B0C87D827EBE9D1005E7537 /* RecordSampleApp.swift in Sources */,
				3B0C87EC27EBEE50005E7537 /* AudioRecorder.swift in Sources */,
			);
			runOnlyForDeploymentPostprocessing = 0;
		};
/* End PBXSourcesBuildPhase section */

/* Begin XCBuildConfiguration section */
		3B0C87E027EBE9D3005E7537 /* Debug */ = {
			isa = XCBuildConfiguration;
			buildSettings = {
				ALWAYS_SEARCH_USER_PATHS = NO;
				CLANG_ANALYZER_NONNULL = YES;
				CLANG_ANALYZER_NUMBER_OBJECT_CONVERSION = YES_AGGRESSIVE;
				CLANG_CXX_LANGUAGE_STANDARD = "gnu++17";
				CLANG_CXX_LIBRARY = "libc++";
				CLANG_ENABLE_MODULES = YES;
				CLANG_ENABLE_OBJC_ARC = YES;
				CLANG_ENABLE_OBJC_WEAK = YES;
				CLANG_WARN_BLOCK_CAPTURE_AUTORELEASING = YES;
				CLANG_WARN_BOOL_CONVERSION = YES;
				CLANG_WARN_COMMA = YES;
				CLANG_WARN_CONSTANT_CONVERSION = YES;
				CLANG_WARN_DEPRECATED_OBJC_IMPLEMENTATIONS = YES;
				CLANG_WARN_DIRECT_OBJC_ISA_USAGE = YES_ERROR;
				CLANG_WARN_DOCUMENTATION_COMMENTS = YES;
				CLANG_WARN_EMPTY_BODY = YES;
				CLANG_WARN_ENUM_CONVERSION = YES;
				CLANG_WARN_INFINITE_RECURSION = YES;
				CLANG_WARN_INT_CONVERSION = YES;
				CLANG_WARN_NON_LITERAL_NULL_CONVERSION = YES;
				CLANG_WARN_OBJC_IMPLICIT_RETAIN_SELF = YES;
				CLANG_WARN_OBJC_LITERAL_CONVERSION = YES;
				CLANG_WARN_OBJC_ROOT_CLASS = YES_ERROR;
				CLANG_WARN_QUOTED_INCLUDE_IN_FRAMEWORK_HEADER = YES;
				CLANG_WARN_RANGE_LOOP_ANALYSIS = YES;
				CLANG_WARN_STRICT_PROTOTYPES = YES;
				CLANG_WARN_SUSPICIOUS_MOVE = YES;
				CLANG_WARN_UNGUARDED_AVAILABILITY = YES_AGGRESSIVE;
				CLANG_WARN_UNREACHABLE_CODE = YES;
				CLANG_WARN__DUPLICATE_METHOD_MATCH = YES;
				COPY_PHASE_STRIP = NO;
				DEBUG_INFORMATION_FORMAT = dwarf;
				ENABLE_STRICT_OBJC_MSGSEND = YES;
				ENABLE_TESTABILITY = YES;
				GCC_C_LANGUAGE_STANDARD = gnu11;
				GCC_DYNAMIC_NO_PIC = NO;
				GCC_NO_COMMON_BLOCKS = YES;
				GCC_OPTIMIZATION_LEVEL = 0;
				GCC_PREPROCESSOR_DEFINITIONS = (
					"DEBUG=1",
					"$(inherited)",
				);
				GCC_WARN_64_TO_32_BIT_CONVERSION = YES;
				GCC_WARN_ABOUT_RETURN_TYPE = YES_ERROR;
				GCC_WARN_UNDECLARED_SELECTOR = YES;
				GCC_WARN_UNINITIALIZED_AUTOS = YES_AGGRESSIVE;
				GCC_WARN_UNUSED_FUNCTION = YES;
				GCC_WARN_UNUSED_VARIABLE = YES;
				IPHONEOS_DEPLOYMENT_TARGET = 15.2;
				MTL_ENABLE_DEBUG_INFO = INCLUDE_SOURCE;
				MTL_FAST_MATH = YES;
				ONLY_ACTIVE_ARCH = YES;
				SDKROOT = iphoneos;
				SWIFT_ACTIVE_COMPILATION_CONDITIONS = DEBUG;
				SWIFT_OPTIMIZATION_LEVEL = "-Onone";
			};
			name = Debug;
		};
		3B0C87E127EBE9D3005E7537 /* Release */ = {
			isa = XCBuildConfiguration;
			buildSettings = {
				ALWAYS_SEARCH_USER_PATHS = NO;
				CLANG_ANALYZER_NONNULL = YES;
				CLANG_ANALYZER_NUMBER_OBJECT_CONVERSION = YES_AGGRESSIVE;
				CLANG_CXX_LANGUAGE_STANDARD = "gnu++17";
				CLANG_CXX_LIBRARY = "libc++";
				CLANG_ENABLE_MODULES = YES;
				CLANG_ENABLE_OBJC_ARC = YES;
				CLANG_ENABLE_OBJC_WEAK = YES;
				CLANG_WARN_BLOCK_CAPTURE_AUTORELEASING = YES;
				CLANG_WARN_BOOL_CONVERSION = YES;
				CLANG_WARN_COMMA = YES;
				CLANG_WARN_CONSTANT_CONVERSION = YES;
				CLANG_WARN_DEPRECATED_OBJC_IMPLEMENTATIONS = YES;
				CLANG_WARN_DIRECT_OBJC_ISA_USAGE = YES_ERROR;
				CLANG_WARN_DOCUMENTATION_COMMENTS = YES;
				CLANG_WARN_EMPTY_BODY = YES;
				CLANG_WARN_ENUM_CONVERSION = YES;
				CLANG_WARN_INFINITE_RECURSION = YES;
				CLANG_WARN_INT_CONVERSION = YES;
				CLANG_WARN_NON_LITERAL_NULL_CONVERSION = YES;
				CLANG_WARN_OBJC_IMPLICIT_RETAIN_SELF = YES;
				CLANG_WARN_OBJC_LITERAL_CONVERSION = YES;
				CLANG_WARN_OBJC_ROOT_CLASS = YES_ERROR;
				CLANG_WARN_QUOTED_INCLUDE_IN_FRAMEWORK_HEADER = YES;
				CLANG_WARN_RANGE_LOOP_ANALYSIS = YES;
				CLANG_WARN_STRICT_PROTOTYPES = YES;
				CLANG_WARN_SUSPICIOUS_MOVE = YES;
				CLANG_WARN_UNGUARDED_AVAILABILITY = YES_AGGRESSIVE;
				CLANG_WARN_UNREACHABLE_CODE = YES;
				CLANG_WARN__DUPLICATE_METHOD_MATCH = YES;
				COPY_PHASE_STRIP = NO;
				DEBUG_INFORMATION_FORMAT = "dwarf-with-dsym";
				ENABLE_NS_ASSERTIONS = NO;
				ENABLE_STRICT_OBJC_MSGSEND = YES;
				GCC_C_LANGUAGE_STANDARD = gnu11;
				GCC_NO_COMMON_BLOCKS = YES;
				GCC_WARN_64_TO_32_BIT_CONVERSION = YES;
				GCC_WARN_ABOUT_RETURN_TYPE = YES_ERROR;
				GCC_WARN_UNDECLARED_SELECTOR = YES;
				GCC_WARN_UNINITIALIZED_AUTOS = YES_AGGRESSIVE;
				GCC_WARN_UNUSED_FUNCTION = YES;
				GCC_WARN_UNUSED_VARIABLE = YES;
				IPHONEOS_DEPLOYMENT_TARGET = 15.2;
				MTL_ENABLE_DEBUG_INFO = NO;
				MTL_FAST_MATH = YES;
				SDKROOT = iphoneos;
				SWIFT_COMPILATION_MODE = wholemodule;
				SWIFT_OPTIMIZATION_LEVEL = "-O";
				VALIDATE_PRODUCT = YES;
			};
			name = Release;
		};
		3B0C87E327EBE9D3005E7537 /* Debug */ = {
			isa = XCBuildConfiguration;
			baseConfigurationReference = 742CDBD90A975576B275C323 /* Pods-RecordSample.debug.xcconfig */;
			buildSettings = {
				ASSETCATALOG_COMPILER_APPICON_NAME = AppIcon;
				ASSETCATALOG_COMPILER_GLOBAL_ACCENT_COLOR_NAME = AccentColor;
				CODE_SIGN_STYLE = Automatic;
				CURRENT_PROJECT_VERSION = 1;
				DEVELOPMENT_ASSET_PATHS = "\"RecordSample/Preview Content\"";
				DEVELOPMENT_TEAM = M49GZVCJ3B;
				ENABLE_PREVIEWS = YES;
				GENERATE_INFOPLIST_FILE = YES;
				HEADER_SEARCH_PATHS = "RecordSample/FFmpeg-iOS/include";
				INFOPLIST_KEY_NSMicrophoneUsageDescription = "녹음을 위해 권한이 필요합니다";
				INFOPLIST_KEY_UIApplicationSceneManifest_Generation = YES;
				INFOPLIST_KEY_UIApplicationSupportsIndirectInputEvents = YES;
				INFOPLIST_KEY_UILaunchScreen_Generation = YES;
				INFOPLIST_KEY_UISupportedInterfaceOrientations_iPad = "UIInterfaceOrientationPortrait UIInterfaceOrientationPortraitUpsideDown UIInterfaceOrientationLandscapeLeft UIInterfaceOrientationLandscapeRight";
				INFOPLIST_KEY_UISupportedInterfaceOrientations_iPhone = "UIInterfaceOrientationPortrait UIInterfaceOrientationLandscapeLeft UIInterfaceOrientationLandscapeRight";
				LD_RUNPATH_SEARCH_PATHS = (
					"$(inherited)",
					"@executable_path/Frameworks",
				);
				LIBRARY_SEARCH_PATHS = (
					"$(inherited)",
					"$(PROJECT_DIR)/RecordSample/FFmpeg-iOS/lib",
				);
				MARKETING_VERSION = 1.0;
				PRODUCT_BUNDLE_IDENTIFIER = com.Kim.RecordSample;
				PRODUCT_NAME = "$(TARGET_NAME)";
				SWIFT_EMIT_LOC_STRINGS = YES;
				SWIFT_VERSION = 5.0;
				TARGETED_DEVICE_FAMILY = "1,2";
			};
			name = Debug;
		};
		3B0C87E427EBE9D3005E7537 /* Release */ = {
			isa = XCBuildConfiguration;
			baseConfigurationReference = A19B644076C06AB89501678D /* Pods-RecordSample.release.xcconfig */;
			buildSettings = {
				ASSETCATALOG_COMPILER_APPICON_NAME = AppIcon;
				ASSETCATALOG_COMPILER_GLOBAL_ACCENT_COLOR_NAME = AccentColor;
				CODE_SIGN_STYLE = Automatic;
				CURRENT_PROJECT_VERSION = 1;
				DEVELOPMENT_ASSET_PATHS = "\"RecordSample/Preview Content\"";
				DEVELOPMENT_TEAM = M49GZVCJ3B;
				ENABLE_PREVIEWS = YES;
				GENERATE_INFOPLIST_FILE = YES;
				HEADER_SEARCH_PATHS = "RecordSample/FFmpeg-iOS/include";
				INFOPLIST_KEY_NSMicrophoneUsageDescription = "녹음을 위해 권한이 필요합니다";
				INFOPLIST_KEY_UIApplicationSceneManifest_Generation = YES;
				INFOPLIST_KEY_UIApplicationSupportsIndirectInputEvents = YES;
				INFOPLIST_KEY_UILaunchScreen_Generation = YES;
				INFOPLIST_KEY_UISupportedInterfaceOrientations_iPad = "UIInterfaceOrientationPortrait UIInterfaceOrientationPortraitUpsideDown UIInterfaceOrientationLandscapeLeft UIInterfaceOrientationLandscapeRight";
				INFOPLIST_KEY_UISupportedInterfaceOrientations_iPhone = "UIInterfaceOrientationPortrait UIInterfaceOrientationLandscapeLeft UIInterfaceOrientationLandscapeRight";
				LD_RUNPATH_SEARCH_PATHS = (
					"$(inherited)",
					"@executable_path/Frameworks",
				);
				LIBRARY_SEARCH_PATHS = (
					"$(inherited)",
					"$(PROJECT_DIR)/RecordSample/FFmpeg-iOS/lib",
				);
				MARKETING_VERSION = 1.0;
				PRODUCT_BUNDLE_IDENTIFIER = com.Kim.RecordSample;
				PRODUCT_NAME = "$(TARGET_NAME)";
				SWIFT_EMIT_LOC_STRINGS = YES;
				SWIFT_VERSION = 5.0;
				TARGETED_DEVICE_FAMILY = "1,2";
			};
			name = Release;
		};
/* End XCBuildConfiguration section */

/* Begin XCConfigurationList section */
		3B0C87CF27EBE9D1005E7537 /* Build configuration list for PBXProject "RecordSample" */ = {
			isa = XCConfigurationList;
			buildConfigurations = (
				3B0C87E027EBE9D3005E7537 /* Debug */,
				3B0C87E127EBE9D3005E7537 /* Release */,
			);
			defaultConfigurationIsVisible = 0;
			defaultConfigurationName = Release;
		};
		3B0C87E227EBE9D3005E7537 /* Build configuration list for PBXNativeTarget "RecordSample" */ = {
			isa = XCConfigurationList;
			buildConfigurations = (
				3B0C87E327EBE9D3005E7537 /* Debug */,
				3B0C87E427EBE9D3005E7537 /* Release */,
			);
			defaultConfigurationIsVisible = 0;
			defaultConfigurationName = Release;
		};
/* End XCConfigurationList section */

/* Begin XCRemoteSwiftPackageReference section */
		3B6CD6BB2820003A00EE8202 /* XCRemoteSwiftPackageReference "AudioKit" */ = {
			isa = XCRemoteSwiftPackageReference;
			repositoryURL = "https://github.com/AudioKit/AudioKit.git";
			requirement = {
				kind = upToNextMajorVersion;
				minimumVersion = 5.0.0;
			};
		};
/* End XCRemoteSwiftPackageReference section */

/* Begin XCSwiftPackageProductDependency section */
		3B6CD6BC2820003A00EE8202 /* AudioKit */ = {
			isa = XCSwiftPackageProductDependency;
			package = 3B6CD6BB2820003A00EE8202 /* XCRemoteSwiftPackageReference "AudioKit" */;
			productName = AudioKit;
		};
/* End XCSwiftPackageProductDependency section */

/* Begin XCVersionGroup section */
		3BCE2F3727F2D9E700788007 /* RecordModel.xcdatamodeld */ = {
			isa = XCVersionGroup;
			children = (
				3BCE2F3827F2D9E700788007 /* RecordModel.xcdatamodel */,
			);
			currentVersion = 3BCE2F3827F2D9E700788007 /* RecordModel.xcdatamodel */;
			path = RecordModel.xcdatamodeld;
			sourceTree = "<group>";
			versionGroupType = wrapper.xcdatamodel;
		};
/* End XCVersionGroup section */
	};
	rootObject = 3B0C87CC27EBE9D1005E7537 /* Project object */;
}
