{
  "object": {
    "pins": [
      {
        "package": "AudioKit",
        "repositoryURL": "https://github.com/AudioKit/AudioKit.git",
        "state": {
          "branch": null,
          "revision": "110d2dfa0b798f76349922fdd1d23d660a16dc37",
          "version": "5.4.0"
        }
      }
    ]
  },
  "version": 1
}
